
Microsoft Visual Studio Solution File, Format Version 12.00
# Visual Studio 14
VisualStudioVersion = 14.0.23107.0
MinimumVisualStudioVersion = 10.0.40219.1
Project("{FAE04EC0-301F-11D3-BF4B-00C04F79EFBC}") = "TakToBvhBatch", "TakToBvhBatch.csproj", "{26BC356E-9CC1-4B04-B44B-B36348157370}"
	ProjectSection(ProjectDependencies) = postProject
		{49F37EB2-8546-49A5-9FD1-AE8BDF7C8864} = {49F37EB2-8546-49A5-9FD1-AE8BDF7C8864}
	EndProjectSection
EndProject
Project("{FAE04EC0-301F-11D3-BF4B-00C04F79EFBC}") = "NMotiveTools", "NMotiveTools.csproj", "{49F37EB2-8546-49A5-9FD1-AE8BDF7C8864}"
EndProject
Global
	GlobalSection(SolutionConfigurationPlatforms) = preSolution
		Debug|x64 = Debug|x64
		Release|x64 = Release|x64
	EndGlobalSection
	GlobalSection(ProjectConfigurationPlatforms) = postSolution
		{26BC356E-9CC1-4B04-B44B-B36348157370}.Debug|x64.ActiveCfg = Debug|x64
		{26BC356E-9CC1-4B04-B44B-B36348157370}.Debug|x64.Build.0 = Debug|x64
		{26BC356E-9CC1-4B04-B44B-B36348157370}.Release|x64.ActiveCfg = Release|x64
		{26BC356E-9CC1-4B04-B44B-B36348157370}.Release|x64.Build.0 = Release|x64
		{49F37EB2-8546-49A5-9FD1-AE8BDF7C8864}.Debug|x64.ActiveCfg = Debug|x64
		{49F37EB2-8546-49A5-9FD1-AE8BDF7C8864}.Debug|x64.Build.0 = Debug|x64
		{49F37EB2-8546-49A5-9FD1-AE8BDF7C8864}.Release|x64.ActiveCfg = Release|x64
		{49F37EB2-8546-49A5-9FD1-AE8BDF7C8864}.Release|x64.Build.0 = Release|x64
	EndGlobalSection
	GlobalSection(SolutionProperties) = preSolution
		HideSolutionNode = FALSE
	EndGlobalSection
EndGlobal
